
Microsoft Visual Studio Solution File, Format Version 12.00
# Visual Studio for Mac
Project("{FAE04EC0-301F-11D3-BF4B-00C04F79EFBC}") = "Unity Les 3.Plugins", "Unity Les 3.Plugins.csproj", "{5D14AE2E-A682-2BB8-5F4E-DA4C27D6E724}"
EndProject
Project("{FAE04EC0-301F-11D3-BF4B-00C04F79EFBC}") = "Unity Les 3", "Unity Les 3.csproj", "{C41E3056-AE89-DB75-A52D-4D4409CD996A}"
EndProject
Project("{FAE04EC0-301F-11D3-BF4B-00C04F79EFBC}") = "Unity Les 3.Editor.Plugins", "Unity Les 3.Editor.Plugins.csproj", "{58ED4401-0B7C-AAC1-1533-7A67A3830EAA}"
EndProject
Global
	GlobalSection(SolutionConfigurationPlatforms) = preSolution
		Debug|Any CPU = Debug|Any CPU
		Release|Any CPU = Release|Any CPU
	EndGlobalSection
	GlobalSection(ProjectConfigurationPlatforms) = postSolution
		{5D14AE2E-A682-2BB8-5F4E-DA4C27D6E724}.Debug|Any CPU.ActiveCfg = Debug|Any CPU
		{5D14AE2E-A682-2BB8-5F4E-DA4C27D6E724}.Debug|Any CPU.Build.0 = Debug|Any CPU
		{5D14AE2E-A682-2BB8-5F4E-DA4C27D6E724}.Release|Any CPU.ActiveCfg = Release|Any CPU
		{5D14AE2E-A682-2BB8-5F4E-DA4C27D6E724}.Release|Any CPU.Build.0 = Release|Any CPU
		{C41E3056-AE89-DB75-A52D-4D4409CD996A}.Debug|Any CPU.ActiveCfg = Debug|Any CPU
		{C41E3056-AE89-DB75-A52D-4D4409CD996A}.Debug|Any CPU.Build.0 = Debug|Any CPU
		{C41E3056-AE89-DB75-A52D-4D4409CD996A}.Release|Any CPU.ActiveCfg = Release|Any CPU
		{C41E3056-AE89-DB75-A52D-4D4409CD996A}.Release|Any CPU.Build.0 = Release|Any CPU
		{58ED4401-0B7C-AAC1-1533-7A67A3830EAA}.Debug|Any CPU.ActiveCfg = Debug|Any CPU
		{58ED4401-0B7C-AAC1-1533-7A67A3830EAA}.Debug|Any CPU.Build.0 = Debug|Any CPU
		{58ED4401-0B7C-AAC1-1533-7A67A3830EAA}.Release|Any CPU.ActiveCfg = Release|Any CPU
		{58ED4401-0B7C-AAC1-1533-7A67A3830EAA}.Release|Any CPU.Build.0 = Release|Any CPU
	EndGlobalSection
	GlobalSection(SolutionProperties) = preSolution
		HideSolutionNode = FALSE
	EndGlobalSection
EndGlobal
