
Microsoft Visual Studio Solution File, Format Version 12.00
# Visual Studio for Mac
Project("{FAE04EC0-301F-11D3-BF4B-00C04F79EFBC}") = "Unity Les 4", "Unity Les 4.csproj", "{1A4E9BFE-3EBE-54D2-F9C5-1EBAF930AEE8}"
EndProject
Project("{FAE04EC0-301F-11D3-BF4B-00C04F79EFBC}") = "Unity Les 4.Plugins", "Unity Les 4.Plugins.csproj", "{FE8B708A-90DA-1F9D-F303-04BD3EDF46CF}"
EndProject
Project("{FAE04EC0-301F-11D3-BF4B-00C04F79EFBC}") = "Unity Les 4.Editor.Plugins", "Unity Les 4.Editor.Plugins.csproj", "{4F15B9BD-A146-8F6C-6B31-91DF6B76CC06}"
EndProject
Global
	GlobalSection(SolutionConfigurationPlatforms) = preSolution
		Debug|Any CPU = Debug|Any CPU
		Release|Any CPU = Release|Any CPU
	EndGlobalSection
	GlobalSection(ProjectConfigurationPlatforms) = postSolution
		{1A4E9BFE-3EBE-54D2-F9C5-1EBAF930AEE8}.Debug|Any CPU.ActiveCfg = Debug|Any CPU
		{1A4E9BFE-3EBE-54D2-F9C5-1EBAF930AEE8}.Debug|Any CPU.Build.0 = Debug|Any CPU
		{1A4E9BFE-3EBE-54D2-F9C5-1EBAF930AEE8}.Release|Any CPU.ActiveCfg = Release|Any CPU
		{1A4E9BFE-3EBE-54D2-F9C5-1EBAF930AEE8}.Release|Any CPU.Build.0 = Release|Any CPU
		{FE8B708A-90DA-1F9D-F303-04BD3EDF46CF}.Debug|Any CPU.ActiveCfg = Debug|Any CPU
		{FE8B708A-90DA-1F9D-F303-04BD3EDF46CF}.Debug|Any CPU.Build.0 = Debug|Any CPU
		{FE8B708A-90DA-1F9D-F303-04BD3EDF46CF}.Release|Any CPU.ActiveCfg = Release|Any CPU
		{FE8B708A-90DA-1F9D-F303-04BD3EDF46CF}.Release|Any CPU.Build.0 = Release|Any CPU
		{4F15B9BD-A146-8F6C-6B31-91DF6B76CC06}.Debug|Any CPU.ActiveCfg = Debug|Any CPU
		{4F15B9BD-A146-8F6C-6B31-91DF6B76CC06}.Debug|Any CPU.Build.0 = Debug|Any CPU
		{4F15B9BD-A146-8F6C-6B31-91DF6B76CC06}.Release|Any CPU.ActiveCfg = Release|Any CPU
		{4F15B9BD-A146-8F6C-6B31-91DF6B76CC06}.Release|Any CPU.Build.0 = Release|Any CPU
	EndGlobalSection
	GlobalSection(SolutionProperties) = preSolution
		HideSolutionNode = FALSE
	EndGlobalSection
EndGlobal
